{
  "object": {
    "pins": [
      {
        "package": "SLog",
        "repositoryURL": "https://github.com/stillyoungman/SLog.git",
        "state": {
          "branch": null,
          "revision": "d219964ef675363938979dc962a6224788d0a38c",
          "version": "1.0.0"
        }
      }
    ]
  },
  "version": 1
}
