{
  "object": {
    "pins": [
      {
        "package": "SLog",
        "repositoryURL": "https://github.com/stillyoungman/SLog.git",
        "state": {
          "branch": null,
          "revision": "fbf8e617162057573e43a5ad0594e3528ad06de6",
          "version": "0.1.0"
        }
      }
    ]
  },
  "version": 1
}
